
Microsoft Visual Studio Solution File, Format Version 12.00
# Visual Studio Version 17
VisualStudioVersion = 17.11.35327.3
MinimumVisualStudioVersion = 10.0.40219.1
Project("{2150E333-8FDC-42A3-9474-1A3956D46DE8}") = "src", "src", "{F663053D-EFEF-46D7-A809-CD3A37A65990}"
EndProject
Project("{9A19103F-16F7-4668-BE54-9A1E7A4F7556}") = "CompanyStructure.Application", "src\CompanyStructure.Application\CompanyStructure.Application.csproj", "{B8C1DC50-A7F3-464B-9E4D-2E0A232CD0A1}"
EndProject
Project("{9A19103F-16F7-4668-BE54-9A1E7A4F7556}") = "CompanyStructure.Infrastructure", "src\CompanyStructure.Infrastructure\CompanyStructure.Infrastructure.csproj", "{7C88DA0F-789F-4668-A682-DE5F3ED83EBE}"
EndProject
Project("{9A19103F-16F7-4668-BE54-9A1E7A4F7556}") = "CompanyStructure.Domain", "src\CompanyStructure.Domain\CompanyStructure.Domain.csproj", "{378A31D1-7838-48C7-B832-D1580049AF43}"
EndProject
Project("{9A19103F-16F7-4668-BE54-9A1E7A4F7556}") = "CompanyStructure.Api", "src\CompanyStructure.Api\CompanyStructure.Api.csproj", "{E2239293-6D26-4524-954C-984EAA44DE97}"
EndProject
Project("{2150E333-8FDC-42A3-9474-1A3956D46DE8}") = "Solution Items", "Solution Items", "{864ED0CA-899B-43AA-BDCF-8ABF8D3DC9A9}"
	ProjectSection(SolutionItems) = preProject
		.gitattributes = .gitattributes
		.gitignore = .gitignore
		README.md = README.md
		run.bat = run.bat
	EndProjectSection
EndProject
Project("{2150E333-8FDC-42A3-9474-1A3956D46DE8}") = "tests", "tests", "{FEE0BD0D-B50A-438D-9A0E-CFBFA7747804}"
EndProject
Project("{FAE04EC0-301F-11D3-BF4B-00C04F79EFBC}") = "CompanyStructure.Application.Tests", "tests\CompanyStructure.Application.Tests\CompanyStructure.Application.Tests.csproj", "{B38EE2F1-7B67-4F8C-87A4-3D7164F0C9E8}"
EndProject
Global
	GlobalSection(SolutionConfigurationPlatforms) = preSolution
		Debug|Any CPU = Debug|Any CPU
		Release|Any CPU = Release|Any CPU
	EndGlobalSection
	GlobalSection(ProjectConfigurationPlatforms) = postSolution
		{B8C1DC50-A7F3-464B-9E4D-2E0A232CD0A1}.Debug|Any CPU.ActiveCfg = Debug|Any CPU
		{B8C1DC50-A7F3-464B-9E4D-2E0A232CD0A1}.Debug|Any CPU.Build.0 = Debug|Any CPU
		{B8C1DC50-A7F3-464B-9E4D-2E0A232CD0A1}.Release|Any CPU.ActiveCfg = Release|Any CPU
		{B8C1DC50-A7F3-464B-9E4D-2E0A232CD0A1}.Release|Any CPU.Build.0 = Release|Any CPU
		{7C88DA0F-789F-4668-A682-DE5F3ED83EBE}.Debug|Any CPU.ActiveCfg = Debug|Any CPU
		{7C88DA0F-789F-4668-A682-DE5F3ED83EBE}.Debug|Any CPU.Build.0 = Debug|Any CPU
		{7C88DA0F-789F-4668-A682-DE5F3ED83EBE}.Release|Any CPU.ActiveCfg = Release|Any CPU
		{7C88DA0F-789F-4668-A682-DE5F3ED83EBE}.Release|Any CPU.Build.0 = Release|Any CPU
		{378A31D1-7838-48C7-B832-D1580049AF43}.Debug|Any CPU.ActiveCfg = Debug|Any CPU
		{378A31D1-7838-48C7-B832-D1580049AF43}.Debug|Any CPU.Build.0 = Debug|Any CPU
		{378A31D1-7838-48C7-B832-D1580049AF43}.Release|Any CPU.ActiveCfg = Release|Any CPU
		{378A31D1-7838-48C7-B832-D1580049AF43}.Release|Any CPU.Build.0 = Release|Any CPU
		{E2239293-6D26-4524-954C-984EAA44DE97}.Debug|Any CPU.ActiveCfg = Debug|Any CPU
		{E2239293-6D26-4524-954C-984EAA44DE97}.Debug|Any CPU.Build.0 = Debug|Any CPU
		{E2239293-6D26-4524-954C-984EAA44DE97}.Release|Any CPU.ActiveCfg = Release|Any CPU
		{E2239293-6D26-4524-954C-984EAA44DE97}.Release|Any CPU.Build.0 = Release|Any CPU
		{B38EE2F1-7B67-4F8C-87A4-3D7164F0C9E8}.Debug|Any CPU.ActiveCfg = Debug|Any CPU
		{B38EE2F1-7B67-4F8C-87A4-3D7164F0C9E8}.Debug|Any CPU.Build.0 = Debug|Any CPU
		{B38EE2F1-7B67-4F8C-87A4-3D7164F0C9E8}.Release|Any CPU.ActiveCfg = Release|Any CPU
		{B38EE2F1-7B67-4F8C-87A4-3D7164F0C9E8}.Release|Any CPU.Build.0 = Release|Any CPU
	EndGlobalSection
	GlobalSection(SolutionProperties) = preSolution
		HideSolutionNode = FALSE
	EndGlobalSection
	GlobalSection(NestedProjects) = preSolution
		{B8C1DC50-A7F3-464B-9E4D-2E0A232CD0A1} = {F663053D-EFEF-46D7-A809-CD3A37A65990}
		{7C88DA0F-789F-4668-A682-DE5F3ED83EBE} = {F663053D-EFEF-46D7-A809-CD3A37A65990}
		{378A31D1-7838-48C7-B832-D1580049AF43} = {F663053D-EFEF-46D7-A809-CD3A37A65990}
		{E2239293-6D26-4524-954C-984EAA44DE97} = {F663053D-EFEF-46D7-A809-CD3A37A65990}
		{B38EE2F1-7B67-4F8C-87A4-3D7164F0C9E8} = {FEE0BD0D-B50A-438D-9A0E-CFBFA7747804}
	EndGlobalSection
	GlobalSection(ExtensibilityGlobals) = postSolution
		SolutionGuid = {A588753D-2B48-488D-AF74-1EC6CC7C5DFB}
	EndGlobalSection
EndGlobal
